
Microsoft Visual Studio Solution File, Format Version 11.00
# Visual Studio 2010
Project("{FAE04EC0-301F-11D3-BF4B-00C04F79EFBC}") = "Sorting", "Sorting\Sorting.csproj", "{C6ECA7C9-5AE3-4551-8241-323E0ADBCA44}"
EndProject
Project("{2150E333-8FDC-42A3-9474-1A3956D46DE8}") = ".nuget", ".nuget", "{6397FE77-F8CD-4737-A7E8-D97ECF4CA83D}"
	ProjectSection(SolutionItems) = preProject
		.nuget\packages.config = .nuget\packages.config
	EndProjectSection
EndProject
Global
	GlobalSection(SolutionConfigurationPlatforms) = preSolution
		Debug|Any CPU = Debug|Any CPU
		Release|Any CPU = Release|Any CPU
	EndGlobalSection
	GlobalSection(ProjectConfigurationPlatforms) = postSolution
		{C6ECA7C9-5AE3-4551-8241-323E0ADBCA44}.Debug|Any CPU.ActiveCfg = Debug|Any CPU
		{C6ECA7C9-5AE3-4551-8241-323E0ADBCA44}.Debug|Any CPU.Build.0 = Debug|Any CPU
		{C6ECA7C9-5AE3-4551-8241-323E0ADBCA44}.Release|Any CPU.ActiveCfg = Release|Any CPU
		{C6ECA7C9-5AE3-4551-8241-323E0ADBCA44}.Release|Any CPU.Build.0 = Release|Any CPU
	EndGlobalSection
	GlobalSection(SolutionProperties) = preSolution
		HideSolutionNode = FALSE
	EndGlobalSection
EndGlobal
